
Microsoft Visual Studio Solution File, Format Version 12.00
# Visual Studio 2013
VisualStudioVersion = 12.0.30501.0
MinimumVisualStudioVersion = 10.0.40219.1
Project("{FAE04EC0-301F-11D3-BF4B-00C04F79EFBC}") = "DigitalPlatform.Xml", "DigitalPlatform.Xml\DigitalPlatform.Xml.csproj", "{E6489E89-1349-4EE7-A00B-AC96B9912587}"
EndProject
Project("{FAE04EC0-301F-11D3-BF4B-00C04F79EFBC}") = "DigitalPlatform.IO", "DigitalPlatform.IO\DigitalPlatform.IO.csproj", "{441CB814-AF78-4503-91EF-DCE5F3269502}"
EndProject
Project("{FAE04EC0-301F-11D3-BF4B-00C04F79EFBC}") = "DigitalPlatform", "DigitalPlatform\DigitalPlatform.csproj", "{BDD43275-EAA0-4670-8BA3-0DB5CD7598DD}"
EndProject
Project("{FAE04EC0-301F-11D3-BF4B-00C04F79EFBC}") = "dp2weixin", "dp2weixin\dp2weixin.csproj", "{2BD6F79E-A776-4A08-B972-C61F70F78BD5}"
EndProject
Project("{FAE04EC0-301F-11D3-BF4B-00C04F79EFBC}") = "DigitalPlatform.Text", "DigitalPlatform.Text\DigitalPlatform.Text.csproj", "{26F96CC3-A4A9-4BC4-A10A-BC7E25581FF6}"
EndProject
Project("{FAE04EC0-301F-11D3-BF4B-00C04F79EFBC}") = "WebWeiXinToGZH", "WebWeiXinToGZH\WebWeiXinToGZH.csproj", "{5F90CC4A-C68A-489F-8CE2-44CAF5B59B23}"
EndProject
Project("{FAE04EC0-301F-11D3-BF4B-00C04F79EFBC}") = "dp2CommandConsole", "dp2CommandConsole\dp2CommandConsole.csproj", "{AA0ADD05-854B-43F9-8C57-9A8768C7A564}"
EndProject
Project("{FAE04EC0-301F-11D3-BF4B-00C04F79EFBC}") = "dp2Command.Server", "dp2Command.Server\dp2Command.Server.csproj", "{A77B8A4A-3AE8-4BD7-B09A-BF8D92FE802D}"
EndProject
Project("{FAE04EC0-301F-11D3-BF4B-00C04F79EFBC}") = "dp2BatchForWeiXin", "dp2BatchForWeiXin\dp2BatchForWeiXin.csproj", "{6892C142-766C-43D4-B431-AACC0FEFCD92}"
EndProject
Project("{FAE04EC0-301F-11D3-BF4B-00C04F79EFBC}") = "dp2RestfulAPI", "dp2RestfulAPI\dp2RestfulAPI.csproj", "{1B74D69A-530F-4275-845B-8CA6D1463BDD}"
EndProject
Global
	GlobalSection(SolutionConfigurationPlatforms) = preSolution
		Debug|Any CPU = Debug|Any CPU
		Debug|x86 = Debug|x86
		Release|Any CPU = Release|Any CPU
		Release|x86 = Release|x86
		Test|Any CPU = Test|Any CPU
		Test|x86 = Test|x86
	EndGlobalSection
	GlobalSection(ProjectConfigurationPlatforms) = postSolution
		{E6489E89-1349-4EE7-A00B-AC96B9912587}.Debug|Any CPU.ActiveCfg = Debug|Any CPU
		{E6489E89-1349-4EE7-A00B-AC96B9912587}.Debug|Any CPU.Build.0 = Debug|Any CPU
		{E6489E89-1349-4EE7-A00B-AC96B9912587}.Debug|x86.ActiveCfg = Debug|x86
		{E6489E89-1349-4EE7-A00B-AC96B9912587}.Debug|x86.Build.0 = Debug|x86
		{E6489E89-1349-4EE7-A00B-AC96B9912587}.Release|Any CPU.ActiveCfg = Release|Any CPU
		{E6489E89-1349-4EE7-A00B-AC96B9912587}.Release|Any CPU.Build.0 = Release|Any CPU
		{E6489E89-1349-4EE7-A00B-AC96B9912587}.Release|x86.ActiveCfg = Release|x86
		{E6489E89-1349-4EE7-A00B-AC96B9912587}.Release|x86.Build.0 = Release|x86
		{E6489E89-1349-4EE7-A00B-AC96B9912587}.Test|Any CPU.ActiveCfg = Release|Any CPU
		{E6489E89-1349-4EE7-A00B-AC96B9912587}.Test|Any CPU.Build.0 = Release|Any CPU
		{E6489E89-1349-4EE7-A00B-AC96B9912587}.Test|x86.ActiveCfg = Release|x86
		{E6489E89-1349-4EE7-A00B-AC96B9912587}.Test|x86.Build.0 = Release|x86
		{441CB814-AF78-4503-91EF-DCE5F3269502}.Debug|Any CPU.ActiveCfg = Debug|Any CPU
		{441CB814-AF78-4503-91EF-DCE5F3269502}.Debug|Any CPU.Build.0 = Debug|Any CPU
		{441CB814-AF78-4503-91EF-DCE5F3269502}.Debug|x86.ActiveCfg = Debug|x86
		{441CB814-AF78-4503-91EF-DCE5F3269502}.Debug|x86.Build.0 = Debug|x86
		{441CB814-AF78-4503-91EF-DCE5F3269502}.Release|Any CPU.ActiveCfg = Release|Any CPU
		{441CB814-AF78-4503-91EF-DCE5F3269502}.Release|Any CPU.Build.0 = Release|Any CPU
		{441CB814-AF78-4503-91EF-DCE5F3269502}.Release|x86.ActiveCfg = Release|x86
		{441CB814-AF78-4503-91EF-DCE5F3269502}.Release|x86.Build.0 = Release|x86
		{441CB814-AF78-4503-91EF-DCE5F3269502}.Test|Any CPU.ActiveCfg = Release|Any CPU
		{441CB814-AF78-4503-91EF-DCE5F3269502}.Test|Any CPU.Build.0 = Release|Any CPU
		{441CB814-AF78-4503-91EF-DCE5F3269502}.Test|x86.ActiveCfg = Release|x86
		{441CB814-AF78-4503-91EF-DCE5F3269502}.Test|x86.Build.0 = Release|x86
		{BDD43275-EAA0-4670-8BA3-0DB5CD7598DD}.Debug|Any CPU.ActiveCfg = Debug|Any CPU
		{BDD43275-EAA0-4670-8BA3-0DB5CD7598DD}.Debug|Any CPU.Build.0 = Debug|Any CPU
		{BDD43275-EAA0-4670-8BA3-0DB5CD7598DD}.Debug|x86.ActiveCfg = Debug|x86
		{BDD43275-EAA0-4670-8BA3-0DB5CD7598DD}.Debug|x86.Build.0 = Debug|x86
		{BDD43275-EAA0-4670-8BA3-0DB5CD7598DD}.Release|Any CPU.ActiveCfg = Release|Any CPU
		{BDD43275-EAA0-4670-8BA3-0DB5CD7598DD}.Release|Any CPU.Build.0 = Release|Any CPU
		{BDD43275-EAA0-4670-8BA3-0DB5CD7598DD}.Release|x86.ActiveCfg = Release|x86
		{BDD43275-EAA0-4670-8BA3-0DB5CD7598DD}.Release|x86.Build.0 = Release|x86
		{BDD43275-EAA0-4670-8BA3-0DB5CD7598DD}.Test|Any CPU.ActiveCfg = Release|Any CPU
		{BDD43275-EAA0-4670-8BA3-0DB5CD7598DD}.Test|Any CPU.Build.0 = Release|Any CPU
		{BDD43275-EAA0-4670-8BA3-0DB5CD7598DD}.Test|x86.ActiveCfg = Release|x86
		{BDD43275-EAA0-4670-8BA3-0DB5CD7598DD}.Test|x86.Build.0 = Release|x86
		{2BD6F79E-A776-4A08-B972-C61F70F78BD5}.Debug|Any CPU.ActiveCfg = Debug|Any CPU
		{2BD6F79E-A776-4A08-B972-C61F70F78BD5}.Debug|Any CPU.Build.0 = Debug|Any CPU
		{2BD6F79E-A776-4A08-B972-C61F70F78BD5}.Debug|x86.ActiveCfg = Debug|Any CPU
		{2BD6F79E-A776-4A08-B972-C61F70F78BD5}.Release|Any CPU.ActiveCfg = Release|Any CPU
		{2BD6F79E-A776-4A08-B972-C61F70F78BD5}.Release|Any CPU.Build.0 = Release|Any CPU
		{2BD6F79E-A776-4A08-B972-C61F70F78BD5}.Release|x86.ActiveCfg = Release|Any CPU
		{2BD6F79E-A776-4A08-B972-C61F70F78BD5}.Test|Any CPU.ActiveCfg = Release|Any CPU
		{2BD6F79E-A776-4A08-B972-C61F70F78BD5}.Test|Any CPU.Build.0 = Release|Any CPU
		{2BD6F79E-A776-4A08-B972-C61F70F78BD5}.Test|x86.ActiveCfg = Release|Any CPU
		{26F96CC3-A4A9-4BC4-A10A-BC7E25581FF6}.Debug|Any CPU.ActiveCfg = Debug|Any CPU
		{26F96CC3-A4A9-4BC4-A10A-BC7E25581FF6}.Debug|Any CPU.Build.0 = Debug|Any CPU
		{26F96CC3-A4A9-4BC4-A10A-BC7E25581FF6}.Debug|x86.ActiveCfg = Debug|x86
		{26F96CC3-A4A9-4BC4-A10A-BC7E25581FF6}.Debug|x86.Build.0 = Debug|x86
		{26F96CC3-A4A9-4BC4-A10A-BC7E25581FF6}.Release|Any CPU.ActiveCfg = Release|Any CPU
		{26F96CC3-A4A9-4BC4-A10A-BC7E25581FF6}.Release|Any CPU.Build.0 = Release|Any CPU
		{26F96CC3-A4A9-4BC4-A10A-BC7E25581FF6}.Release|x86.ActiveCfg = Release|x86
		{26F96CC3-A4A9-4BC4-A10A-BC7E25581FF6}.Release|x86.Build.0 = Release|x86
		{26F96CC3-A4A9-4BC4-A10A-BC7E25581FF6}.Test|Any CPU.ActiveCfg = Release|Any CPU
		{26F96CC3-A4A9-4BC4-A10A-BC7E25581FF6}.Test|Any CPU.Build.0 = Release|Any CPU
		{26F96CC3-A4A9-4BC4-A10A-BC7E25581FF6}.Test|x86.ActiveCfg = Release|x86
		{26F96CC3-A4A9-4BC4-A10A-BC7E25581FF6}.Test|x86.Build.0 = Release|x86
		{5F90CC4A-C68A-489F-8CE2-44CAF5B59B23}.Debug|Any CPU.ActiveCfg = Debug|Any CPU
		{5F90CC4A-C68A-489F-8CE2-44CAF5B59B23}.Debug|Any CPU.Build.0 = Debug|Any CPU
		{5F90CC4A-C68A-489F-8CE2-44CAF5B59B23}.Debug|x86.ActiveCfg = Debug|Any CPU
		{5F90CC4A-C68A-489F-8CE2-44CAF5B59B23}.Release|Any CPU.ActiveCfg = Release|Any CPU
		{5F90CC4A-C68A-489F-8CE2-44CAF5B59B23}.Release|Any CPU.Build.0 = Release|Any CPU
		{5F90CC4A-C68A-489F-8CE2-44CAF5B59B23}.Release|x86.ActiveCfg = Release|Any CPU
		{5F90CC4A-C68A-489F-8CE2-44CAF5B59B23}.Test|Any CPU.ActiveCfg = Release|Any CPU
		{5F90CC4A-C68A-489F-8CE2-44CAF5B59B23}.Test|Any CPU.Build.0 = Release|Any CPU
		{5F90CC4A-C68A-489F-8CE2-44CAF5B59B23}.Test|x86.ActiveCfg = Release|Any CPU
		{AA0ADD05-854B-43F9-8C57-9A8768C7A564}.Debug|Any CPU.ActiveCfg = Debug|Any CPU
		{AA0ADD05-854B-43F9-8C57-9A8768C7A564}.Debug|Any CPU.Build.0 = Debug|Any CPU
		{AA0ADD05-854B-43F9-8C57-9A8768C7A564}.Debug|x86.ActiveCfg = Debug|Any CPU
		{AA0ADD05-854B-43F9-8C57-9A8768C7A564}.Release|Any CPU.ActiveCfg = Release|Any CPU
		{AA0ADD05-854B-43F9-8C57-9A8768C7A564}.Release|Any CPU.Build.0 = Release|Any CPU
		{AA0ADD05-854B-43F9-8C57-9A8768C7A564}.Release|x86.ActiveCfg = Release|Any CPU
		{AA0ADD05-854B-43F9-8C57-9A8768C7A564}.Test|Any CPU.ActiveCfg = Release|Any CPU
		{AA0ADD05-854B-43F9-8C57-9A8768C7A564}.Test|Any CPU.Build.0 = Release|Any CPU
		{AA0ADD05-854B-43F9-8C57-9A8768C7A564}.Test|x86.ActiveCfg = Release|Any CPU
		{A77B8A4A-3AE8-4BD7-B09A-BF8D92FE802D}.Debug|Any CPU.ActiveCfg = Debug|Any CPU
		{A77B8A4A-3AE8-4BD7-B09A-BF8D92FE802D}.Debug|Any CPU.Build.0 = Debug|Any CPU
		{A77B8A4A-3AE8-4BD7-B09A-BF8D92FE802D}.Debug|x86.ActiveCfg = Debug|Any CPU
		{A77B8A4A-3AE8-4BD7-B09A-BF8D92FE802D}.Release|Any CPU.ActiveCfg = Release|Any CPU
		{A77B8A4A-3AE8-4BD7-B09A-BF8D92FE802D}.Release|Any CPU.Build.0 = Release|Any CPU
		{A77B8A4A-3AE8-4BD7-B09A-BF8D92FE802D}.Release|x86.ActiveCfg = Release|Any CPU
		{A77B8A4A-3AE8-4BD7-B09A-BF8D92FE802D}.Test|Any CPU.ActiveCfg = Release|Any CPU
		{A77B8A4A-3AE8-4BD7-B09A-BF8D92FE802D}.Test|Any CPU.Build.0 = Release|Any CPU
		{A77B8A4A-3AE8-4BD7-B09A-BF8D92FE802D}.Test|x86.ActiveCfg = Release|Any CPU
		{6892C142-766C-43D4-B431-AACC0FEFCD92}.Debug|Any CPU.ActiveCfg = Debug|Any CPU
		{6892C142-766C-43D4-B431-AACC0FEFCD92}.Debug|Any CPU.Build.0 = Debug|Any CPU
		{6892C142-766C-43D4-B431-AACC0FEFCD92}.Debug|x86.ActiveCfg = Debug|Any CPU
		{6892C142-766C-43D4-B431-AACC0FEFCD92}.Release|Any CPU.ActiveCfg = Release|Any CPU
		{6892C142-766C-43D4-B431-AACC0FEFCD92}.Release|Any CPU.Build.0 = Release|Any CPU
		{6892C142-766C-43D4-B431-AACC0FEFCD92}.Release|x86.ActiveCfg = Release|Any CPU
		{6892C142-766C-43D4-B431-AACC0FEFCD92}.Test|Any CPU.ActiveCfg = Release|Any CPU
		{6892C142-766C-43D4-B431-AACC0FEFCD92}.Test|Any CPU.Build.0 = Release|Any CPU
		{6892C142-766C-43D4-B431-AACC0FEFCD92}.Test|x86.ActiveCfg = Release|Any CPU
		{1B74D69A-530F-4275-845B-8CA6D1463BDD}.Debug|Any CPU.ActiveCfg = Debug|Any CPU
		{1B74D69A-530F-4275-845B-8CA6D1463BDD}.Debug|Any CPU.Build.0 = Debug|Any CPU
		{1B74D69A-530F-4275-845B-8CA6D1463BDD}.Debug|x86.ActiveCfg = Debug|Any CPU
		{1B74D69A-530F-4275-845B-8CA6D1463BDD}.Release|Any CPU.ActiveCfg = Release|Any CPU
		{1B74D69A-530F-4275-845B-8CA6D1463BDD}.Release|Any CPU.Build.0 = Release|Any CPU
		{1B74D69A-530F-4275-845B-8CA6D1463BDD}.Release|x86.ActiveCfg = Release|Any CPU
		{1B74D69A-530F-4275-845B-8CA6D1463BDD}.Test|Any CPU.ActiveCfg = Release|Any CPU
		{1B74D69A-530F-4275-845B-8CA6D1463BDD}.Test|Any CPU.Build.0 = Release|Any CPU
		{1B74D69A-530F-4275-845B-8CA6D1463BDD}.Test|x86.ActiveCfg = Release|Any CPU
	EndGlobalSection
	GlobalSection(SolutionProperties) = preSolution
		HideSolutionNode = FALSE
	EndGlobalSection
EndGlobal
